// !$*UTF8*$!
{
	archiveVersion = 1;
	classes = {
	};
	objectVersion = 56;
	objects = {

/* Begin PBXBuildFile section */
		FA0180BA2A3BDF75002A7697 /* GuardaKiApp.swift in Sources */ = {isa = PBXBuildFile; fileRef = FA0180B92A3BDF75002A7697 /* GuardaKiApp.swift */; };
		FA0180BC2A3BDF75002A7697 /* ContentView.swift in Sources */ = {isa = PBXBuildFile; fileRef = FA0180BB2A3BDF75002A7697 /* ContentView.swift */; };
		FA0180BE2A3BDF76002A7697 /* Assets.xcassets in Resources */ = {isa = PBXBuildFile; fileRef = FA0180BD2A3BDF76002A7697 /* Assets.xcassets */; };
		FA0180C12A3BDF76002A7697 /* Preview Assets.xcassets in Resources */ = {isa = PBXBuildFile; fileRef = FA0180C02A3BDF76002A7697 /* Preview Assets.xcassets */; };
		FA0180C82A3BE042002A7697 /* projetos separados in Resources */ = {isa = PBXBuildFile; fileRef = FA0180C72A3BE042002A7697 /* projetos separados */; };
		FA0180CC2A3BE0BA002A7697 /* Timer.swift in Sources */ = {isa = PBXBuildFile; fileRef = FA0180CB2A3BE0BA002A7697 /* Timer.swift */; };
		FA0180CE2A3BE29E002A7697 /* Content-ViewModel.swift in Sources */ = {isa = PBXBuildFile; fileRef = FA0180CD2A3BE29E002A7697 /* Content-ViewModel.swift */; };
		FA8862762A3BE73F00674CBB /* MeusCofres.swift in Sources */ = {isa = PBXBuildFile; fileRef = FA8862752A3BE73F00674CBB /* MeusCofres.swift */; };
		FA8862782A3BED5C00674CBB /* APIView.swift in Sources */ = {isa = PBXBuildFile; fileRef = FA8862772A3BED5C00674CBB /* APIView.swift */; };
/* End PBXBuildFile section */

/* Begin PBXFileReference section */
		FA0180B62A3BDF75002A7697 /* GuardaKi.app */ = {isa = PBXFileReference; explicitFileType = wrapper.application; includeInIndex = 0; path = GuardaKi.app; sourceTree = BUILT_PRODUCTS_DIR; };
		FA0180B92A3BDF75002A7697 /* GuardaKiApp.swift */ = {isa = PBXFileReference; lastKnownFileType = sourcecode.swift; path = GuardaKiApp.swift; sourceTree = "<group>"; };
		FA0180BB2A3BDF75002A7697 /* ContentView.swift */ = {isa = PBXFileReference; lastKnownFileType = sourcecode.swift; path = ContentView.swift; sourceTree = "<group>"; };
		FA0180BD2A3BDF76002A7697 /* Assets.xcassets */ = {isa = PBXFileReference; lastKnownFileType = folder.assetcatalog; path = Assets.xcassets; sourceTree = "<group>"; };
		FA0180C02A3BDF76002A7697 /* Preview Assets.xcassets */ = {isa = PBXFileReference; lastKnownFileType = folder.assetcatalog; path = "Preview Assets.xcassets"; sourceTree = "<group>"; };
		FA0180C72A3BE042002A7697 /* projetos separados */ = {isa = PBXFileReference; lastKnownFileType = folder; name = "projetos separados"; path = "../../../projetos separados"; sourceTree = "<group>"; };
		FA0180CB2A3BE0BA002A7697 /* Timer.swift */ = {isa = PBXFileReference; lastKnownFileType = sourcecode.swift; path = Timer.swift; sourceTree = "<group>"; };
		FA0180CD2A3BE29E002A7697 /* Content-ViewModel.swift */ = {isa = PBXFileReference; lastKnownFileType = sourcecode.swift; path = "Content-ViewModel.swift"; sourceTree = "<group>"; };
		FA8862752A3BE73F00674CBB /* MeusCofres.swift */ = {isa = PBXFileReference; lastKnownFileType = sourcecode.swift; path = MeusCofres.swift; sourceTree = "<group>"; };
		FA8862772A3BED5C00674CBB /* APIView.swift */ = {isa = PBXFileReference; lastKnownFileType = sourcecode.swift; path = APIView.swift; sourceTree = "<group>"; };
/* End PBXFileReference section */

/* Begin PBXFrameworksBuildPhase section */
		FA0180B32A3BDF75002A7697 /* Frameworks */ = {
			isa = PBXFrameworksBuildPhase;
			buildActionMask = 2147483647;
			files = (
			);
			runOnlyForDeploymentPostprocessing = 0;
		};
/* End PBXFrameworksBuildPhase section */

/* Begin PBXGroup section */
		FA0180AD2A3BDF75002A7697 = {
			isa = PBXGroup;
			children = (
				FA0180B82A3BDF75002A7697 /* GuardaKi */,
				FA0180B72A3BDF75002A7697 /* Products */,
			);
			sourceTree = "<group>";
		};
		FA0180B72A3BDF75002A7697 /* Products */ = {
			isa = PBXGroup;
			children = (
				FA0180B62A3BDF75002A7697 /* GuardaKi.app */,
			);
			name = Products;
			sourceTree = "<group>";
		};
		FA0180B82A3BDF75002A7697 /* GuardaKi */ = {
			isa = PBXGroup;
			children = (
				FA8862772A3BED5C00674CBB /* APIView.swift */,
				FA0180CD2A3BE29E002A7697 /* Content-ViewModel.swift */,
				FA8862752A3BE73F00674CBB /* MeusCofres.swift */,
				FA0180CB2A3BE0BA002A7697 /* Timer.swift */,
				FA0180B92A3BDF75002A7697 /* GuardaKiApp.swift */,
				FA0180BB2A3BDF75002A7697 /* ContentView.swift */,
				FA0180BD2A3BDF76002A7697 /* Assets.xcassets */,
				FA0180BF2A3BDF76002A7697 /* Preview Content */,
			);
			path = GuardaKi;
			sourceTree = "<group>";
		};
		FA0180BF2A3BDF76002A7697 /* Preview Content */ = {
			isa = PBXGroup;
			children = (
				FA0180C72A3BE042002A7697 /* projetos separados */,
				FA0180C02A3BDF76002A7697 /* Preview Assets.xcassets */,
			);
			path = "Preview Content";
			sourceTree = "<group>";
		};
/* End PBXGroup section */

/* Begin PBXNativeTarget section */
		FA0180B52A3BDF75002A7697 /* GuardaKi */ = {
			isa = PBXNativeTarget;
			buildConfigurationList = FA0180C42A3BDF76002A7697 /* Build configuration list for PBXNativeTarget "GuardaKi" */;
			buildPhases = (
				FA0180B22A3BDF75002A7697 /* Sources */,
				FA0180B32A3BDF75002A7697 /* Frameworks */,
				FA0180B42A3BDF75002A7697 /* Resources */,
			);
			buildRules = (
			);
			dependencies = (
			);
			name = GuardaKi;
			productName = GuardaKi;
			productReference = FA0180B62A3BDF75002A7697 /* GuardaKi.app */;
			productType = "com.apple.product-type.application";
		};
/* End PBXNativeTarget section */

/* Begin PBXProject section */
		FA0180AE2A3BDF75002A7697 /* Project object */ = {
			isa = PBXProject;
			attributes = {
				BuildIndependentTargetsInParallel = 1;
				LastSwiftUpdateCheck = 1420;
				LastUpgradeCheck = 1420;
				TargetAttributes = {
					FA0180B52A3BDF75002A7697 = {
						CreatedOnToolsVersion = 14.2;
					};
				};
			};
			buildConfigurationList = FA0180B12A3BDF75002A7697 /* Build configuration list for PBXProject "GuardaKi" */;
			compatibilityVersion = "Xcode 14.0";
			developmentRegion = en;
			hasScannedForEncodings = 0;
			knownRegions = (
				en,
				Base,
			);
			mainGroup = FA0180AD2A3BDF75002A7697;
			productRefGroup = FA0180B72A3BDF75002A7697 /* Products */;
			projectDirPath = "";
			projectRoot = "";
			targets = (
				FA0180B52A3BDF75002A7697 /* GuardaKi */,
			);
		};
/* End PBXProject section */

/* Begin PBXResourcesBuildPhase section */
		FA0180B42A3BDF75002A7697 /* Resources */ = {
			isa = PBXResourcesBuildPhase;
			buildActionMask = 2147483647;
			files = (
				FA0180C12A3BDF76002A7697 /* Preview Assets.xcassets in Resources */,
				FA0180C82A3BE042002A7697 /* projetos separados in Resources */,
				FA0180BE2A3BDF76002A7697 /* Assets.xcassets in Resources */,
			);
			runOnlyForDeploymentPostprocessing = 0;
		};
/* End PBXResourcesBuildPhase section */

/* Begin PBXSourcesBuildPhase section */
		FA0180B22A3BDF75002A7697 /* Sources */ = {
			isa = PBXSourcesBuildPhase;
			buildActionMask = 2147483647;
			files = (
				FA0180CC2A3BE0BA002A7697 /* Timer.swift in Sources */,
				FA8862762A3BE73F00674CBB /* MeusCofres.swift in Sources */,
				FA0180BC2A3BDF75002A7697 /* ContentView.swift in Sources */,
				FA8862782A3BED5C00674CBB /* APIView.swift in Sources */,
				FA0180CE2A3BE29E002A7697 /* Content-ViewModel.swift in Sources */,
				FA0180BA2A3BDF75002A7697 /* GuardaKiApp.swift in Sources */,
			);
			runOnlyForDeploymentPostprocessing = 0;
		};
/* End PBXSourcesBuildPhase section */

/* Begin XCBuildConfiguration section */
		FA0180C22A3BDF76002A7697 /* Debug */ = {
			isa = XCBuildConfiguration;
			buildSettings = {
				ALWAYS_SEARCH_USER_PATHS = NO;
				CLANG_ANALYZER_NONNULL = YES;
				CLANG_ANALYZER_NUMBER_OBJECT_CONVERSION = YES_AGGRESSIVE;
				CLANG_CXX_LANGUAGE_STANDARD = "gnu++20";
				CLANG_ENABLE_MODULES = YES;
				CLANG_ENABLE_OBJC_ARC = YES;
				CLANG_ENABLE_OBJC_WEAK = YES;
				CLANG_WARN_BLOCK_CAPTURE_AUTORELEASING = YES;
				CLANG_WARN_BOOL_CONVERSION = YES;
				CLANG_WARN_COMMA = YES;
				CLANG_WARN_CONSTANT_CONVERSION = YES;
				CLANG_WARN_DEPRECATED_OBJC_IMPLEMENTATIONS = YES;
				CLANG_WARN_DIRECT_OBJC_ISA_USAGE = YES_ERROR;
				CLANG_WARN_DOCUMENTATION_COMMENTS = YES;
				CLANG_WARN_EMPTY_BODY = YES;
				CLANG_WARN_ENUM_CONVERSION = YES;
				CLANG_WARN_INFINITE_RECURSION = YES;
				CLANG_WARN_INT_CONVERSION = YES;
				CLANG_WARN_NON_LITERAL_NULL_CONVERSION = YES;
				CLANG_WARN_OBJC_IMPLICIT_RETAIN_SELF = YES;
				CLANG_WARN_OBJC_LITERAL_CONVERSION = YES;
				CLANG_WARN_OBJC_ROOT_CLASS = YES_ERROR;
				CLANG_WARN_QUOTED_INCLUDE_IN_FRAMEWORK_HEADER = YES;
				CLANG_WARN_RANGE_LOOP_ANALYSIS = YES;
				CLANG_WARN_STRICT_PROTOTYPES = YES;
				CLANG_WARN_SUSPICIOUS_MOVE = YES;
				CLANG_WARN_UNGUARDED_AVAILABILITY = YES_AGGRESSIVE;
				CLANG_WARN_UNREACHABLE_CODE = YES;
				CLANG_WARN__DUPLICATE_METHOD_MATCH = YES;
				COPY_PHASE_STRIP = NO;
				DEBUG_INFORMATION_FORMAT = dwarf;
				ENABLE_STRICT_OBJC_MSGSEND = YES;
				ENABLE_TESTABILITY = YES;
				GCC_C_LANGUAGE_STANDARD = gnu11;
				GCC_DYNAMIC_NO_PIC = NO;
				GCC_NO_COMMON_BLOCKS = YES;
				GCC_OPTIMIZATION_LEVEL = 0;
				GCC_PREPROCESSOR_DEFINITIONS = (
					"DEBUG=1",
					"$(inherited)",
				);
				GCC_WARN_64_TO_32_BIT_CONVERSION = YES;
				GCC_WARN_ABOUT_RETURN_TYPE = YES_ERROR;
				GCC_WARN_UNDECLARED_SELECTOR = YES;
				GCC_WARN_UNINITIALIZED_AUTOS = YES_AGGRESSIVE;
				GCC_WARN_UNUSED_FUNCTION = YES;
				GCC_WARN_UNUSED_VARIABLE = YES;
				IPHONEOS_DEPLOYMENT_TARGET = 16.2;
				MTL_ENABLE_DEBUG_INFO = INCLUDE_SOURCE;
				MTL_FAST_MATH = YES;
				ONLY_ACTIVE_ARCH = YES;
				SDKROOT = iphoneos;
				SWIFT_ACTIVE_COMPILATION_CONDITIONS = DEBUG;
				SWIFT_OPTIMIZATION_LEVEL = "-Onone";
			};
			name = Debug;
		};
		FA0180C32A3BDF76002A7697 /* Release */ = {
			isa = XCBuildConfiguration;
			buildSettings = {
				ALWAYS_SEARCH_USER_PATHS = NO;
				CLANG_ANALYZER_NONNULL = YES;
				CLANG_ANALYZER_NUMBER_OBJECT_CONVERSION = YES_AGGRESSIVE;
				CLANG_CXX_LANGUAGE_STANDARD = "gnu++20";
				CLANG_ENABLE_MODULES = YES;
				CLANG_ENABLE_OBJC_ARC = YES;
				CLANG_ENABLE_OBJC_WEAK = YES;
				CLANG_WARN_BLOCK_CAPTURE_AUTORELEASING = YES;
				CLANG_WARN_BOOL_CONVERSION = YES;
				CLANG_WARN_COMMA = YES;
				CLANG_WARN_CONSTANT_CONVERSION = YES;
				CLANG_WARN_DEPRECATED_OBJC_IMPLEMENTATIONS = YES;
				CLANG_WARN_DIRECT_OBJC_ISA_USAGE = YES_ERROR;
				CLANG_WARN_DOCUMENTATION_COMMENTS = YES;
				CLANG_WARN_EMPTY_BODY = YES;
				CLANG_WARN_ENUM_CONVERSION = YES;
				CLANG_WARN_INFINITE_RECURSION = YES;
				CLANG_WARN_INT_CONVERSION = YES;
				CLANG_WARN_NON_LITERAL_NULL_CONVERSION = YES;
				CLANG_WARN_OBJC_IMPLICIT_RETAIN_SELF = YES;
				CLANG_WARN_OBJC_LITERAL_CONVERSION = YES;
				CLANG_WARN_OBJC_ROOT_CLASS = YES_ERROR;
				CLANG_WARN_QUOTED_INCLUDE_IN_FRAMEWORK_HEADER = YES;
				CLANG_WARN_RANGE_LOOP_ANALYSIS = YES;
				CLANG_WARN_STRICT_PROTOTYPES = YES;
				CLANG_WARN_SUSPICIOUS_MOVE = YES;
				CLANG_WARN_UNGUARDED_AVAILABILITY = YES_AGGRESSIVE;
				CLANG_WARN_UNREACHABLE_CODE = YES;
				CLANG_WARN__DUPLICATE_METHOD_MATCH = YES;
				COPY_PHASE_STRIP = NO;
				DEBUG_INFORMATION_FORMAT = "dwarf-with-dsym";
				ENABLE_NS_ASSERTIONS = NO;
				ENABLE_STRICT_OBJC_MSGSEND = YES;
				GCC_C_LANGUAGE_STANDARD = gnu11;
				GCC_NO_COMMON_BLOCKS = YES;
				GCC_WARN_64_TO_32_BIT_CONVERSION = YES;
				GCC_WARN_ABOUT_RETURN_TYPE = YES_ERROR;
				GCC_WARN_UNDECLARED_SELECTOR = YES;
				GCC_WARN_UNINITIALIZED_AUTOS = YES_AGGRESSIVE;
				GCC_WARN_UNUSED_FUNCTION = YES;
				GCC_WARN_UNUSED_VARIABLE = YES;
				IPHONEOS_DEPLOYMENT_TARGET = 16.2;
				MTL_ENABLE_DEBUG_INFO = NO;
				MTL_FAST_MATH = YES;
				SDKROOT = iphoneos;
				SWIFT_COMPILATION_MODE = wholemodule;
				SWIFT_OPTIMIZATION_LEVEL = "-O";
				VALIDATE_PRODUCT = YES;
			};
			name = Release;
		};
		FA0180C52A3BDF76002A7697 /* Debug */ = {
			isa = XCBuildConfiguration;
			buildSettings = {
				ASSETCATALOG_COMPILER_APPICON_NAME = AppIcon;
				ASSETCATALOG_COMPILER_GLOBAL_ACCENT_COLOR_NAME = AccentColor;
				CODE_SIGN_STYLE = Automatic;
				CURRENT_PROJECT_VERSION = 1;
				DEVELOPMENT_ASSET_PATHS = "\"GuardaKi/Preview Content\"";
				ENABLE_PREVIEWS = YES;
				GENERATE_INFOPLIST_FILE = YES;
				INFOPLIST_KEY_UIApplicationSceneManifest_Generation = YES;
				INFOPLIST_KEY_UIApplicationSupportsIndirectInputEvents = YES;
				INFOPLIST_KEY_UILaunchScreen_Generation = YES;
				INFOPLIST_KEY_UISupportedInterfaceOrientations_iPad = "UIInterfaceOrientationPortrait UIInterfaceOrientationPortraitUpsideDown UIInterfaceOrientationLandscapeLeft UIInterfaceOrientationLandscapeRight";
				INFOPLIST_KEY_UISupportedInterfaceOrientations_iPhone = "UIInterfaceOrientationPortrait UIInterfaceOrientationLandscapeLeft UIInterfaceOrientationLandscapeRight";
				LD_RUNPATH_SEARCH_PATHS = (
					"$(inherited)",
					"@executable_path/Frameworks",
				);
				MARKETING_VERSION = 1.0;
				PRODUCT_BUNDLE_IDENTIFIER = projetoFinal.GuardaKi;
				PRODUCT_NAME = "$(TARGET_NAME)";
				SWIFT_EMIT_LOC_STRINGS = YES;
				SWIFT_VERSION = 5.0;
				TARGETED_DEVICE_FAMILY = "1,2";
			};
			name = Debug;
		};
		FA0180C62A3BDF76002A7697 /* Release */ = {
			isa = XCBuildConfiguration;
			buildSettings = {
				ASSETCATALOG_COMPILER_APPICON_NAME = AppIcon;
				ASSETCATALOG_COMPILER_GLOBAL_ACCENT_COLOR_NAME = AccentColor;
				CODE_SIGN_STYLE = Automatic;
				CURRENT_PROJECT_VERSION = 1;
				DEVELOPMENT_ASSET_PATHS = "\"GuardaKi/Preview Content\"";
				ENABLE_PREVIEWS = YES;
				GENERATE_INFOPLIST_FILE = YES;
				INFOPLIST_KEY_UIApplicationSceneManifest_Generation = YES;
				INFOPLIST_KEY_UIApplicationSupportsIndirectInputEvents = YES;
				INFOPLIST_KEY_UILaunchScreen_Generation = YES;
				INFOPLIST_KEY_UISupportedInterfaceOrientations_iPad = "UIInterfaceOrientationPortrait UIInterfaceOrientationPortraitUpsideDown UIInterfaceOrientationLandscapeLeft UIInterfaceOrientationLandscapeRight";
				INFOPLIST_KEY_UISupportedInterfaceOrientations_iPhone = "UIInterfaceOrientationPortrait UIInterfaceOrientationLandscapeLeft UIInterfaceOrientationLandscapeRight";
				LD_RUNPATH_SEARCH_PATHS = (
					"$(inherited)",
					"@executable_path/Frameworks",
				);
				MARKETING_VERSION = 1.0;
				PRODUCT_BUNDLE_IDENTIFIER = projetoFinal.GuardaKi;
				PRODUCT_NAME = "$(TARGET_NAME)";
				SWIFT_EMIT_LOC_STRINGS = YES;
				SWIFT_VERSION = 5.0;
				TARGETED_DEVICE_FAMILY = "1,2";
			};
			name = Release;
		};
/* End XCBuildConfiguration section */

/* Begin XCConfigurationList section */
		FA0180B12A3BDF75002A7697 /* Build configuration list for PBXProject "GuardaKi" */ = {
			isa = XCConfigurationList;
			buildConfigurations = (
				FA0180C22A3BDF76002A7697 /* Debug */,
				FA0180C32A3BDF76002A7697 /* Release */,
			);
			defaultConfigurationIsVisible = 0;
			defaultConfigurationName = Release;
		};
		FA0180C42A3BDF76002A7697 /* Build configuration list for PBXNativeTarget "GuardaKi" */ = {
			isa = XCConfigurationList;
			buildConfigurations = (
				FA0180C52A3BDF76002A7697 /* Debug */,
				FA0180C62A3BDF76002A7697 /* Release */,
			);
			defaultConfigurationIsVisible = 0;
			defaultConfigurationName = Release;
		};
/* End XCConfigurationList section */
	};
	rootObject = FA0180AE2A3BDF75002A7697 /* Project object */;
}
